
Microsoft Visual Studio Solution File, Format Version 12.00
# Visual Studio Version 17
VisualStudioVersion = 17.4.33213.308
MinimumVisualStudioVersion = 10.0.40219.1
Project("{F184B08F-C81C-45F6-A57F-5ABD9991F28F}") = "generico", "generico\generico.vbproj", "{040D01CB-57B1-4602-AC8B-C1227144C687}"
EndProject
Global
	GlobalSection(SolutionConfigurationPlatforms) = preSolution
		Debug|Any CPU = Debug|Any CPU
		Release|Any CPU = Release|Any CPU
	EndGlobalSection
	GlobalSection(ProjectConfigurationPlatforms) = postSolution
		{040D01CB-57B1-4602-AC8B-C1227144C687}.Debug|Any CPU.ActiveCfg = Debug|Any CPU
		{040D01CB-57B1-4602-AC8B-C1227144C687}.Debug|Any CPU.Build.0 = Debug|Any CPU
		{040D01CB-57B1-4602-AC8B-C1227144C687}.Release|Any CPU.ActiveCfg = Release|Any CPU
		{040D01CB-57B1-4602-AC8B-C1227144C687}.Release|Any CPU.Build.0 = Release|Any CPU
	EndGlobalSection
	GlobalSection(SolutionProperties) = preSolution
		HideSolutionNode = FALSE
	EndGlobalSection
	GlobalSection(ExtensibilityGlobals) = postSolution
		SolutionGuid = {2F7A935D-617F-4DC4-B8FC-2DF25CAD59EA}
	EndGlobalSection
EndGlobal
