
Microsoft Visual Studio Solution File, Format Version 12.00
# Visual Studio Version 17
VisualStudioVersion = 17.4.33213.308
MinimumVisualStudioVersion = 10.0.40219.1
Project("{F184B08F-C81C-45F6-A57F-5ABD9991F28F}") = "for", "for\for.vbproj", "{80B7B982-EE2F-47E8-8A0E-D8FB71A7ACC9}"
EndProject
Global
	GlobalSection(SolutionConfigurationPlatforms) = preSolution
		Debug|Any CPU = Debug|Any CPU
		Release|Any CPU = Release|Any CPU
	EndGlobalSection
	GlobalSection(ProjectConfigurationPlatforms) = postSolution
		{80B7B982-EE2F-47E8-8A0E-D8FB71A7ACC9}.Debug|Any CPU.ActiveCfg = Debug|Any CPU
		{80B7B982-EE2F-47E8-8A0E-D8FB71A7ACC9}.Debug|Any CPU.Build.0 = Debug|Any CPU
		{80B7B982-EE2F-47E8-8A0E-D8FB71A7ACC9}.Release|Any CPU.ActiveCfg = Release|Any CPU
		{80B7B982-EE2F-47E8-8A0E-D8FB71A7ACC9}.Release|Any CPU.Build.0 = Release|Any CPU
	EndGlobalSection
	GlobalSection(SolutionProperties) = preSolution
		HideSolutionNode = FALSE
	EndGlobalSection
	GlobalSection(ExtensibilityGlobals) = postSolution
		SolutionGuid = {72785D11-218E-4311-A8C3-52DADE2B6955}
	EndGlobalSection
EndGlobal
