
Microsoft Visual Studio Solution File, Format Version 12.00
# Visual Studio Version 17
VisualStudioVersion = 17.4.33213.308
MinimumVisualStudioVersion = 10.0.40219.1
Project("{F184B08F-C81C-45F6-A57F-5ABD9991F28F}") = "funciones para string", "funciones para string\funciones para string.vbproj", "{B9477F8B-CDEB-458E-A8F9-4D702F1A33BD}"
EndProject
Global
	GlobalSection(SolutionConfigurationPlatforms) = preSolution
		Debug|Any CPU = Debug|Any CPU
		Release|Any CPU = Release|Any CPU
	EndGlobalSection
	GlobalSection(ProjectConfigurationPlatforms) = postSolution
		{B9477F8B-CDEB-458E-A8F9-4D702F1A33BD}.Debug|Any CPU.ActiveCfg = Debug|Any CPU
		{B9477F8B-CDEB-458E-A8F9-4D702F1A33BD}.Debug|Any CPU.Build.0 = Debug|Any CPU
		{B9477F8B-CDEB-458E-A8F9-4D702F1A33BD}.Release|Any CPU.ActiveCfg = Release|Any CPU
		{B9477F8B-CDEB-458E-A8F9-4D702F1A33BD}.Release|Any CPU.Build.0 = Release|Any CPU
	EndGlobalSection
	GlobalSection(SolutionProperties) = preSolution
		HideSolutionNode = FALSE
	EndGlobalSection
	GlobalSection(ExtensibilityGlobals) = postSolution
		SolutionGuid = {E01FE14E-73D5-4143-A3A9-6F45747E9DC2}
	EndGlobalSection
EndGlobal
