
Microsoft Visual Studio Solution File, Format Version 12.00
# Visual Studio Version 17
VisualStudioVersion = 17.4.33213.308
MinimumVisualStudioVersion = 10.0.40219.1
Project("{F184B08F-C81C-45F6-A57F-5ABD9991F28F}") = "function2", "function2\function2.vbproj", "{620AD9BE-A9F8-4FAF-987C-0A687CB0EEAA}"
EndProject
Global
	GlobalSection(SolutionConfigurationPlatforms) = preSolution
		Debug|Any CPU = Debug|Any CPU
		Release|Any CPU = Release|Any CPU
	EndGlobalSection
	GlobalSection(ProjectConfigurationPlatforms) = postSolution
		{620AD9BE-A9F8-4FAF-987C-0A687CB0EEAA}.Debug|Any CPU.ActiveCfg = Debug|Any CPU
		{620AD9BE-A9F8-4FAF-987C-0A687CB0EEAA}.Debug|Any CPU.Build.0 = Debug|Any CPU
		{620AD9BE-A9F8-4FAF-987C-0A687CB0EEAA}.Release|Any CPU.ActiveCfg = Release|Any CPU
		{620AD9BE-A9F8-4FAF-987C-0A687CB0EEAA}.Release|Any CPU.Build.0 = Release|Any CPU
	EndGlobalSection
	GlobalSection(SolutionProperties) = preSolution
		HideSolutionNode = FALSE
	EndGlobalSection
	GlobalSection(ExtensibilityGlobals) = postSolution
		SolutionGuid = {064EEBED-FD8A-4706-93B1-4C6FAD8B8912}
	EndGlobalSection
EndGlobal
