
Microsoft Visual Studio Solution File, Format Version 12.00
# Visual Studio Version 17
VisualStudioVersion = 17.4.33213.308
MinimumVisualStudioVersion = 10.0.40219.1
Project("{F184B08F-C81C-45F6-A57F-5ABD9991F28F}") = "exepciones1", "exepciones1\exepciones1.vbproj", "{11A7D50C-0850-41FE-9DD6-653D0261B42A}"
EndProject
Global
	GlobalSection(SolutionConfigurationPlatforms) = preSolution
		Debug|Any CPU = Debug|Any CPU
		Release|Any CPU = Release|Any CPU
	EndGlobalSection
	GlobalSection(ProjectConfigurationPlatforms) = postSolution
		{11A7D50C-0850-41FE-9DD6-653D0261B42A}.Debug|Any CPU.ActiveCfg = Debug|Any CPU
		{11A7D50C-0850-41FE-9DD6-653D0261B42A}.Debug|Any CPU.Build.0 = Debug|Any CPU
		{11A7D50C-0850-41FE-9DD6-653D0261B42A}.Release|Any CPU.ActiveCfg = Release|Any CPU
		{11A7D50C-0850-41FE-9DD6-653D0261B42A}.Release|Any CPU.Build.0 = Release|Any CPU
	EndGlobalSection
	GlobalSection(SolutionProperties) = preSolution
		HideSolutionNode = FALSE
	EndGlobalSection
	GlobalSection(ExtensibilityGlobals) = postSolution
		SolutionGuid = {D5686CCC-08A3-4918-B977-447F1A32C208}
	EndGlobalSection
EndGlobal
