
Microsoft Visual Studio Solution File, Format Version 12.00
# Visual Studio Version 17
VisualStudioVersion = 17.4.33213.308
MinimumVisualStudioVersion = 10.0.40219.1
Project("{F184B08F-C81C-45F6-A57F-5ABD9991F28F}") = "array_matriz_for_each", "array_matriz_for_each\array_matriz_for_each.vbproj", "{4287C216-1047-4D3A-AA0F-0F7DE1498EFF}"
EndProject
Global
	GlobalSection(SolutionConfigurationPlatforms) = preSolution
		Debug|Any CPU = Debug|Any CPU
		Release|Any CPU = Release|Any CPU
	EndGlobalSection
	GlobalSection(ProjectConfigurationPlatforms) = postSolution
		{4287C216-1047-4D3A-AA0F-0F7DE1498EFF}.Debug|Any CPU.ActiveCfg = Debug|Any CPU
		{4287C216-1047-4D3A-AA0F-0F7DE1498EFF}.Debug|Any CPU.Build.0 = Debug|Any CPU
		{4287C216-1047-4D3A-AA0F-0F7DE1498EFF}.Release|Any CPU.ActiveCfg = Release|Any CPU
		{4287C216-1047-4D3A-AA0F-0F7DE1498EFF}.Release|Any CPU.Build.0 = Release|Any CPU
	EndGlobalSection
	GlobalSection(SolutionProperties) = preSolution
		HideSolutionNode = FALSE
	EndGlobalSection
	GlobalSection(ExtensibilityGlobals) = postSolution
		SolutionGuid = {BA0B43FC-0348-44C5-8E59-F2F2A0C96466}
	EndGlobalSection
EndGlobal
