
Microsoft Visual Studio Solution File, Format Version 12.00
# Visual Studio Version 17
VisualStudioVersion = 17.4.33213.308
MinimumVisualStudioVersion = 10.0.40219.1
Project("{54A90642-561A-4BB1-A94E-469ADEE60C69}") = "server.js", "server.js\server.js.esproj", "{5E5B8013-1B34-4C0C-96F3-517D827B5FDE}"
EndProject
Global
	GlobalSection(SolutionConfigurationPlatforms) = preSolution
		Debug|Any CPU = Debug|Any CPU
		Release|Any CPU = Release|Any CPU
	EndGlobalSection
	GlobalSection(ProjectConfigurationPlatforms) = postSolution
		{5E5B8013-1B34-4C0C-96F3-517D827B5FDE}.Debug|Any CPU.ActiveCfg = Debug|Any CPU
		{5E5B8013-1B34-4C0C-96F3-517D827B5FDE}.Debug|Any CPU.Build.0 = Debug|Any CPU
		{5E5B8013-1B34-4C0C-96F3-517D827B5FDE}.Debug|Any CPU.Deploy.0 = Debug|Any CPU
		{5E5B8013-1B34-4C0C-96F3-517D827B5FDE}.Release|Any CPU.ActiveCfg = Release|Any CPU
		{5E5B8013-1B34-4C0C-96F3-517D827B5FDE}.Release|Any CPU.Build.0 = Release|Any CPU
		{5E5B8013-1B34-4C0C-96F3-517D827B5FDE}.Release|Any CPU.Deploy.0 = Release|Any CPU
	EndGlobalSection
	GlobalSection(SolutionProperties) = preSolution
		HideSolutionNode = FALSE
	EndGlobalSection
	GlobalSection(ExtensibilityGlobals) = postSolution
		SolutionGuid = {E46CF947-86E6-4B57-87EE-B010E96998B6}
	EndGlobalSection
EndGlobal
