
Microsoft Visual Studio Solution File, Format Version 12.00
# Visual Studio Version 17
VisualStudioVersion = 17.4.33213.308
MinimumVisualStudioVersion = 10.0.40219.1
Project("{F184B08F-C81C-45F6-A57F-5ABD9991F28F}") = "calculadora", "calculadora\calculadora.vbproj", "{803DF47B-0B76-474F-BA2E-9C9E24D35C5B}"
EndProject
Global
	GlobalSection(SolutionConfigurationPlatforms) = preSolution
		Debug|Any CPU = Debug|Any CPU
		Release|Any CPU = Release|Any CPU
	EndGlobalSection
	GlobalSection(ProjectConfigurationPlatforms) = postSolution
		{803DF47B-0B76-474F-BA2E-9C9E24D35C5B}.Debug|Any CPU.ActiveCfg = Debug|Any CPU
		{803DF47B-0B76-474F-BA2E-9C9E24D35C5B}.Debug|Any CPU.Build.0 = Debug|Any CPU
		{803DF47B-0B76-474F-BA2E-9C9E24D35C5B}.Release|Any CPU.ActiveCfg = Release|Any CPU
		{803DF47B-0B76-474F-BA2E-9C9E24D35C5B}.Release|Any CPU.Build.0 = Release|Any CPU
	EndGlobalSection
	GlobalSection(SolutionProperties) = preSolution
		HideSolutionNode = FALSE
	EndGlobalSection
	GlobalSection(ExtensibilityGlobals) = postSolution
		SolutionGuid = {8CF36C0E-C873-4D5E-A9CA-2157A560EE99}
	EndGlobalSection
EndGlobal
