
Microsoft Visual Studio Solution File, Format Version 12.00
# Visual Studio Version 17
VisualStudioVersion = 17.4.33213.308
MinimumVisualStudioVersion = 10.0.40219.1
Project("{F184B08F-C81C-45F6-A57F-5ABD9991F28F}") = "exepcionesII", "exepcionesII\exepcionesII.vbproj", "{57E8ECA2-0019-4F51-900A-E0DD7EEBD7A6}"
EndProject
Global
	GlobalSection(SolutionConfigurationPlatforms) = preSolution
		Debug|Any CPU = Debug|Any CPU
		Release|Any CPU = Release|Any CPU
	EndGlobalSection
	GlobalSection(ProjectConfigurationPlatforms) = postSolution
		{57E8ECA2-0019-4F51-900A-E0DD7EEBD7A6}.Debug|Any CPU.ActiveCfg = Debug|Any CPU
		{57E8ECA2-0019-4F51-900A-E0DD7EEBD7A6}.Debug|Any CPU.Build.0 = Debug|Any CPU
		{57E8ECA2-0019-4F51-900A-E0DD7EEBD7A6}.Release|Any CPU.ActiveCfg = Release|Any CPU
		{57E8ECA2-0019-4F51-900A-E0DD7EEBD7A6}.Release|Any CPU.Build.0 = Release|Any CPU
	EndGlobalSection
	GlobalSection(SolutionProperties) = preSolution
		HideSolutionNode = FALSE
	EndGlobalSection
	GlobalSection(ExtensibilityGlobals) = postSolution
		SolutionGuid = {0719D9D2-D1CC-4039-929F-CE22B0195E46}
	EndGlobalSection
EndGlobal
