
Microsoft Visual Studio Solution File, Format Version 12.00
# Visual Studio Version 17
VisualStudioVersion = 17.4.33213.308
MinimumVisualStudioVersion = 10.0.40219.1
Project("{F184B08F-C81C-45F6-A57F-5ABD9991F28F}") = "modificadorAcceso", "modificadorAcceso\modificadorAcceso.vbproj", "{B50633F7-B741-45D8-B9A7-A3FB97E92756}"
EndProject
Global
	GlobalSection(SolutionConfigurationPlatforms) = preSolution
		Debug|Any CPU = Debug|Any CPU
		Release|Any CPU = Release|Any CPU
	EndGlobalSection
	GlobalSection(ProjectConfigurationPlatforms) = postSolution
		{B50633F7-B741-45D8-B9A7-A3FB97E92756}.Debug|Any CPU.ActiveCfg = Debug|Any CPU
		{B50633F7-B741-45D8-B9A7-A3FB97E92756}.Debug|Any CPU.Build.0 = Debug|Any CPU
		{B50633F7-B741-45D8-B9A7-A3FB97E92756}.Release|Any CPU.ActiveCfg = Release|Any CPU
		{B50633F7-B741-45D8-B9A7-A3FB97E92756}.Release|Any CPU.Build.0 = Release|Any CPU
	EndGlobalSection
	GlobalSection(SolutionProperties) = preSolution
		HideSolutionNode = FALSE
	EndGlobalSection
	GlobalSection(ExtensibilityGlobals) = postSolution
		SolutionGuid = {2ADB4C64-D2F4-432C-BB2F-053D03B753E3}
	EndGlobalSection
EndGlobal
